// !$*UTF8*$!
{
	archiveVersion = 1;
	classes = {
	};
	objectVersion = 46;
	objects = {

/* Begin PBXBuildFile section */
		0939885720C0C0A900EBE8ED /* RedditPostTableCell.swift in Sources */ = {isa = PBXBuildFile; fileRef = 0939885520C0C0A900EBE8ED /* RedditPostTableCell.swift */; };
		0939885820C0C0A900EBE8ED /* RedditPostTableCell.xib in Resources */ = {isa = PBXBuildFile; fileRef = 0939885620C0C0A900EBE8ED /* RedditPostTableCell.xib */; };
		093B3EA420C760910069582C /* UserModel.swift in Sources */ = {isa = PBXBuildFile; fileRef = 093B3EA320C760910069582C /* UserModel.swift */; };
		095DC76C20C605FB00CCADE7 /* UtilityExtensions.swift in Sources */ = {isa = PBXBuildFile; fileRef = 095DC76B20C605FB00CCADE7 /* UtilityExtensions.swift */; };
		097AFB2E20C4AD2900B96376 /* APICalls.swift in Sources */ = {isa = PBXBuildFile; fileRef = 097AFB2D20C4AD2900B96376 /* APICalls.swift */; };
		09A844B120B77EA4008371CC /* AppDelegate.swift in Sources */ = {isa = PBXBuildFile; fileRef = 09A844B020B77EA4008371CC /* AppDelegate.swift */; };
		09A844B320B77EA4008371CC /* ViewController.swift in Sources */ = {isa = PBXBuildFile; fileRef = 09A844B220B77EA4008371CC /* ViewController.swift */; };
		09A844B620B77EA4008371CC /* Main.storyboard in Resources */ = {isa = PBXBuildFile; fileRef = 09A844B420B77EA4008371CC /* Main.storyboard */; };
		09A844B920B77EA4008371CC /* RedditViewer.xcdatamodeld in Sources */ = {isa = PBXBuildFile; fileRef = 09A844B720B77EA4008371CC /* RedditViewer.xcdatamodeld */; };
		09A844BB20B77EA4008371CC /* Assets.xcassets in Resources */ = {isa = PBXBuildFile; fileRef = 09A844BA20B77EA4008371CC /* Assets.xcassets */; };
		09A844BE20B77EA4008371CC /* LaunchScreen.storyboard in Resources */ = {isa = PBXBuildFile; fileRef = 09A844BC20B77EA4008371CC /* LaunchScreen.storyboard */; };
		09A844C620B77F65008371CC /* secret.swift in Sources */ = {isa = PBXBuildFile; fileRef = 09A844C520B77F65008371CC /* secret.swift */; };
		09A844C820B780B2008371CC /* OAuthViewController.swift in Sources */ = {isa = PBXBuildFile; fileRef = 09A844C720B780B2008371CC /* OAuthViewController.swift */; };
		09CA59A920C22CB30053D006 /* AuthorizationToken.swift in Sources */ = {isa = PBXBuildFile; fileRef = 09CA59A820C22CB30053D006 /* AuthorizationToken.swift */; };
		09D0C31220C231F3002AAA09 /* APICredentials.swift in Sources */ = {isa = PBXBuildFile; fileRef = 09D0C31120C231F3002AAA09 /* APICredentials.swift */; };
/* End PBXBuildFile section */

/* Begin PBXFileReference section */
		0939885520C0C0A900EBE8ED /* RedditPostTableCell.swift */ = {isa = PBXFileReference; fileEncoding = 4; lastKnownFileType = sourcecode.swift; path = RedditPostTableCell.swift; sourceTree = "<group>"; };
		0939885620C0C0A900EBE8ED /* RedditPostTableCell.xib */ = {isa = PBXFileReference; fileEncoding = 4; lastKnownFileType = file.xib; path = RedditPostTableCell.xib; sourceTree = "<group>"; };
		093B3EA320C760910069582C /* UserModel.swift */ = {isa = PBXFileReference; fileEncoding = 4; lastKnownFileType = sourcecode.swift; path = UserModel.swift; sourceTree = "<group>"; };
		095DC76B20C605FB00CCADE7 /* UtilityExtensions.swift */ = {isa = PBXFileReference; fileEncoding = 4; lastKnownFileType = sourcecode.swift; path = UtilityExtensions.swift; sourceTree = "<group>"; };
		097AFB2D20C4AD2900B96376 /* APICalls.swift */ = {isa = PBXFileReference; fileEncoding = 4; lastKnownFileType = sourcecode.swift; path = APICalls.swift; sourceTree = "<group>"; };
		09A844AD20B77EA4008371CC /* RedditViewer.app */ = {isa = PBXFileReference; explicitFileType = wrapper.application; includeInIndex = 0; path = RedditViewer.app; sourceTree = BUILT_PRODUCTS_DIR; };
		09A844B020B77EA4008371CC /* AppDelegate.swift */ = {isa = PBXFileReference; lastKnownFileType = sourcecode.swift; path = AppDelegate.swift; sourceTree = "<group>"; };
		09A844B220B77EA4008371CC /* ViewController.swift */ = {isa = PBXFileReference; lastKnownFileType = sourcecode.swift; path = ViewController.swift; sourceTree = "<group>"; };
		09A844B520B77EA4008371CC /* Base */ = {isa = PBXFileReference; lastKnownFileType = file.storyboard; name = Base; path = Base.lproj/Main.storyboard; sourceTree = "<group>"; };
		09A844B820B77EA4008371CC /* RedditViewer.xcdatamodel */ = {isa = PBXFileReference; lastKnownFileType = wrapper.xcdatamodel; path = RedditViewer.xcdatamodel; sourceTree = "<group>"; };
		09A844BA20B77EA4008371CC /* Assets.xcassets */ = {isa = PBXFileReference; lastKnownFileType = folder.assetcatalog; path = Assets.xcassets; sourceTree = "<group>"; };
		09A844BD20B77EA4008371CC /* Base */ = {isa = PBXFileReference; lastKnownFileType = file.storyboard; name = Base; path = Base.lproj/LaunchScreen.storyboard; sourceTree = "<group>"; };
		09A844BF20B77EA4008371CC /* Info.plist */ = {isa = PBXFileReference; lastKnownFileType = text.plist.xml; path = Info.plist; sourceTree = "<group>"; };
		09A844C520B77F65008371CC /* secret.swift */ = {isa = PBXFileReference; fileEncoding = 4; lastKnownFileType = sourcecode.swift; path = secret.swift; sourceTree = "<group>"; };
		09A844C720B780B2008371CC /* OAuthViewController.swift */ = {isa = PBXFileReference; fileEncoding = 4; lastKnownFileType = sourcecode.swift; path = OAuthViewController.swift; sourceTree = "<group>"; };
		09CA59A820C22CB30053D006 /* AuthorizationToken.swift */ = {isa = PBXFileReference; fileEncoding = 4; lastKnownFileType = sourcecode.swift; path = AuthorizationToken.swift; sourceTree = "<group>"; };
		09D0C31120C231F3002AAA09 /* APICredentials.swift */ = {isa = PBXFileReference; fileEncoding = 4; lastKnownFileType = sourcecode.swift; path = APICredentials.swift; sourceTree = "<group>"; };
/* End PBXFileReference section */

/* Begin PBXFrameworksBuildPhase section */
		09A844AA20B77EA3008371CC /* Frameworks */ = {
			isa = PBXFrameworksBuildPhase;
			buildActionMask = 2147483647;
			files = (
			);
			runOnlyForDeploymentPostprocessing = 0;
		};
/* End PBXFrameworksBuildPhase section */

/* Begin PBXGroup section */
		09A844A420B77EA3008371CC = {
			isa = PBXGroup;
			children = (
				09A844AF20B77EA4008371CC /* RedditViewer */,
				09A844AE20B77EA4008371CC /* Products */,
			);
			sourceTree = "<group>";
		};
		09A844AE20B77EA4008371CC /* Products */ = {
			isa = PBXGroup;
			children = (
				09A844AD20B77EA4008371CC /* RedditViewer.app */,
			);
			name = Products;
			sourceTree = "<group>";
		};
		09A844AF20B77EA4008371CC /* RedditViewer */ = {
			isa = PBXGroup;
			children = (
				09A844B020B77EA4008371CC /* AppDelegate.swift */,
				097AFB2D20C4AD2900B96376 /* APICalls.swift */,
				09D0C31120C231F3002AAA09 /* APICredentials.swift */,
				09CA59A820C22CB30053D006 /* AuthorizationToken.swift */,
				09A844B420B77EA4008371CC /* Main.storyboard */,
				09A844C720B780B2008371CC /* OAuthViewController.swift */,
				09A844B220B77EA4008371CC /* ViewController.swift */,
				0939885520C0C0A900EBE8ED /* RedditPostTableCell.swift */,
				0939885620C0C0A900EBE8ED /* RedditPostTableCell.xib */,
				09A844C520B77F65008371CC /* secret.swift */,
				093B3EA320C760910069582C /* UserModel.swift */,
				095DC76B20C605FB00CCADE7 /* UtilityExtensions.swift */,
				09A844BA20B77EA4008371CC /* Assets.xcassets */,
				09A844BC20B77EA4008371CC /* LaunchScreen.storyboard */,
				09A844BF20B77EA4008371CC /* Info.plist */,
				09A844B720B77EA4008371CC /* RedditViewer.xcdatamodeld */,
			);
			path = RedditViewer;
			sourceTree = "<group>";
		};
/* End PBXGroup section */

/* Begin PBXNativeTarget section */
		09A844AC20B77EA3008371CC /* RedditViewer */ = {
			isa = PBXNativeTarget;
			buildConfigurationList = 09A844C220B77EA4008371CC /* Build configuration list for PBXNativeTarget "RedditViewer" */;
			buildPhases = (
				09A844A920B77EA3008371CC /* Sources */,
				09A844AA20B77EA3008371CC /* Frameworks */,
				09A844AB20B77EA3008371CC /* Resources */,
			);
			buildRules = (
			);
			dependencies = (
			);
			name = RedditViewer;
			productName = RedditViewer;
			productReference = 09A844AD20B77EA4008371CC /* RedditViewer.app */;
			productType = "com.apple.product-type.application";
		};
/* End PBXNativeTarget section */

/* Begin PBXProject section */
		09A844A520B77EA3008371CC /* Project object */ = {
			isa = PBXProject;
			attributes = {
				LastSwiftUpdateCheck = 0820;
				LastUpgradeCheck = 0820;
				ORGANIZATIONNAME = "Andrius Kelly";
				TargetAttributes = {
					09A844AC20B77EA3008371CC = {
						CreatedOnToolsVersion = 8.2.1;
						DevelopmentTeam = 43ZCY2F733;
						ProvisioningStyle = Automatic;
					};
				};
			};
			buildConfigurationList = 09A844A820B77EA3008371CC /* Build configuration list for PBXProject "RedditViewer" */;
			compatibilityVersion = "Xcode 3.2";
			developmentRegion = English;
			hasScannedForEncodings = 0;
			knownRegions = (
				en,
				Base,
			);
			mainGroup = 09A844A420B77EA3008371CC;
			productRefGroup = 09A844AE20B77EA4008371CC /* Products */;
			projectDirPath = "";
			projectRoot = "";
			targets = (
				09A844AC20B77EA3008371CC /* RedditViewer */,
			);
		};
/* End PBXProject section */

/* Begin PBXResourcesBuildPhase section */
		09A844AB20B77EA3008371CC /* Resources */ = {
			isa = PBXResourcesBuildPhase;
			buildActionMask = 2147483647;
			files = (
				09A844BE20B77EA4008371CC /* LaunchScreen.storyboard in Resources */,
				09A844BB20B77EA4008371CC /* Assets.xcassets in Resources */,
				0939885820C0C0A900EBE8ED /* RedditPostTableCell.xib in Resources */,
				09A844B620B77EA4008371CC /* Main.storyboard in Resources */,
			);
			runOnlyForDeploymentPostprocessing = 0;
		};
/* End PBXResourcesBuildPhase section */

/* Begin PBXSourcesBuildPhase section */
		09A844A920B77EA3008371CC /* Sources */ = {
			isa = PBXSourcesBuildPhase;
			buildActionMask = 2147483647;
			files = (
				0939885720C0C0A900EBE8ED /* RedditPostTableCell.swift in Sources */,
				09D0C31220C231F3002AAA09 /* APICredentials.swift in Sources */,
				09CA59A920C22CB30053D006 /* AuthorizationToken.swift in Sources */,
				09A844B320B77EA4008371CC /* ViewController.swift in Sources */,
				09A844C620B77F65008371CC /* secret.swift in Sources */,
				09A844B120B77EA4008371CC /* AppDelegate.swift in Sources */,
				09A844B920B77EA4008371CC /* RedditViewer.xcdatamodeld in Sources */,
				093B3EA420C760910069582C /* UserModel.swift in Sources */,
				097AFB2E20C4AD2900B96376 /* APICalls.swift in Sources */,
				095DC76C20C605FB00CCADE7 /* UtilityExtensions.swift in Sources */,
				09A844C820B780B2008371CC /* OAuthViewController.swift in Sources */,
			);
			runOnlyForDeploymentPostprocessing = 0;
		};
/* End PBXSourcesBuildPhase section */

/* Begin PBXVariantGroup section */
		09A844B420B77EA4008371CC /* Main.storyboard */ = {
			isa = PBXVariantGroup;
			children = (
				09A844B520B77EA4008371CC /* Base */,
			);
			name = Main.storyboard;
			sourceTree = "<group>";
		};
		09A844BC20B77EA4008371CC /* LaunchScreen.storyboard */ = {
			isa = PBXVariantGroup;
			children = (
				09A844BD20B77EA4008371CC /* Base */,
			);
			name = LaunchScreen.storyboard;
			sourceTree = "<group>";
		};
/* End PBXVariantGroup section */

/* Begin XCBuildConfiguration section */
		09A844C020B77EA4008371CC /* Debug */ = {
			isa = XCBuildConfiguration;
			buildSettings = {
				ALWAYS_SEARCH_USER_PATHS = NO;
				CLANG_ANALYZER_NONNULL = YES;
				CLANG_CXX_LANGUAGE_STANDARD = "gnu++0x";
				CLANG_CXX_LIBRARY = "libc++";
				CLANG_ENABLE_MODULES = YES;
				CLANG_ENABLE_OBJC_ARC = YES;
				CLANG_WARN_BOOL_CONVERSION = YES;
				CLANG_WARN_CONSTANT_CONVERSION = YES;
				CLANG_WARN_DIRECT_OBJC_ISA_USAGE = YES_ERROR;
				CLANG_WARN_DOCUMENTATION_COMMENTS = YES;
				CLANG_WARN_EMPTY_BODY = YES;
				CLANG_WARN_ENUM_CONVERSION = YES;
				CLANG_WARN_INFINITE_RECURSION = YES;
				CLANG_WARN_INT_CONVERSION = YES;
				CLANG_WARN_OBJC_ROOT_CLASS = YES_ERROR;
				CLANG_WARN_SUSPICIOUS_MOVE = YES;
				CLANG_WARN_UNREACHABLE_CODE = YES;
				CLANG_WARN__DUPLICATE_METHOD_MATCH = YES;
				"CODE_SIGN_IDENTITY[sdk=iphoneos*]" = "iPhone Developer";
				COPY_PHASE_STRIP = NO;
				DEBUG_INFORMATION_FORMAT = dwarf;
				ENABLE_STRICT_OBJC_MSGSEND = YES;
				ENABLE_TESTABILITY = YES;
				GCC_C_LANGUAGE_STANDARD = gnu99;
				GCC_DYNAMIC_NO_PIC = NO;
				GCC_NO_COMMON_BLOCKS = YES;
				GCC_OPTIMIZATION_LEVEL = 0;
				GCC_PREPROCESSOR_DEFINITIONS = (
					"DEBUG=1",
					"$(inherited)",
				);
				GCC_WARN_64_TO_32_BIT_CONVERSION = YES;
				GCC_WARN_ABOUT_RETURN_TYPE = YES_ERROR;
				GCC_WARN_UNDECLARED_SELECTOR = YES;
				GCC_WARN_UNINITIALIZED_AUTOS = YES_AGGRESSIVE;
				GCC_WARN_UNUSED_FUNCTION = YES;
				GCC_WARN_UNUSED_VARIABLE = YES;
				IPHONEOS_DEPLOYMENT_TARGET = 10.2;
				MTL_ENABLE_DEBUG_INFO = YES;
				ONLY_ACTIVE_ARCH = YES;
				SDKROOT = iphoneos;
				SWIFT_ACTIVE_COMPILATION_CONDITIONS = DEBUG;
				SWIFT_OPTIMIZATION_LEVEL = "-Onone";
				TARGETED_DEVICE_FAMILY = "1,2";
			};
			name = Debug;
		};
		09A844C120B77EA4008371CC /* Release */ = {
			isa = XCBuildConfiguration;
			buildSettings = {
				ALWAYS_SEARCH_USER_PATHS = NO;
				CLANG_ANALYZER_NONNULL = YES;
				CLANG_CXX_LANGUAGE_STANDARD = "gnu++0x";
				CLANG_CXX_LIBRARY = "libc++";
				CLANG_ENABLE_MODULES = YES;
				CLANG_ENABLE_OBJC_ARC = YES;
				CLANG_WARN_BOOL_CONVERSION = YES;
				CLANG_WARN_CONSTANT_CONVERSION = YES;
				CLANG_WARN_DIRECT_OBJC_ISA_USAGE = YES_ERROR;
				CLANG_WARN_DOCUMENTATION_COMMENTS = YES;
				CLANG_WARN_EMPTY_BODY = YES;
				CLANG_WARN_ENUM_CONVERSION = YES;
				CLANG_WARN_INFINITE_RECURSION = YES;
				CLANG_WARN_INT_CONVERSION = YES;
				CLANG_WARN_OBJC_ROOT_CLASS = YES_ERROR;
				CLANG_WARN_SUSPICIOUS_MOVE = YES;
				CLANG_WARN_UNREACHABLE_CODE = YES;
				CLANG_WARN__DUPLICATE_METHOD_MATCH = YES;
				"CODE_SIGN_IDENTITY[sdk=iphoneos*]" = "iPhone Developer";
				COPY_PHASE_STRIP = NO;
				DEBUG_INFORMATION_FORMAT = "dwarf-with-dsym";
				ENABLE_NS_ASSERTIONS = NO;
				ENABLE_STRICT_OBJC_MSGSEND = YES;
				GCC_C_LANGUAGE_STANDARD = gnu99;
				GCC_NO_COMMON_BLOCKS = YES;
				GCC_WARN_64_TO_32_BIT_CONVERSION = YES;
				GCC_WARN_ABOUT_RETURN_TYPE = YES_ERROR;
				GCC_WARN_UNDECLARED_SELECTOR = YES;
				GCC_WARN_UNINITIALIZED_AUTOS = YES_AGGRESSIVE;
				GCC_WARN_UNUSED_FUNCTION = YES;
				GCC_WARN_UNUSED_VARIABLE = YES;
				IPHONEOS_DEPLOYMENT_TARGET = 10.2;
				MTL_ENABLE_DEBUG_INFO = NO;
				SDKROOT = iphoneos;
				SWIFT_OPTIMIZATION_LEVEL = "-Owholemodule";
				TARGETED_DEVICE_FAMILY = "1,2";
				VALIDATE_PRODUCT = YES;
			};
			name = Release;
		};
		09A844C320B77EA4008371CC /* Debug */ = {
			isa = XCBuildConfiguration;
			buildSettings = {
				ASSETCATALOG_COMPILER_APPICON_NAME = AppIcon;
				DEVELOPMENT_TEAM = 43ZCY2F733;
				INFOPLIST_FILE = RedditViewer/Info.plist;
				LD_RUNPATH_SEARCH_PATHS = "$(inherited) @executable_path/Frameworks";
				PRODUCT_BUNDLE_IDENTIFIER = AndriusKelly.RedditViewer;
				PRODUCT_NAME = "$(TARGET_NAME)";
				SWIFT_VERSION = 3.0;
			};
			name = Debug;
		};
		09A844C420B77EA4008371CC /* Release */ = {
			isa = XCBuildConfiguration;
			buildSettings = {
				ASSETCATALOG_COMPILER_APPICON_NAME = AppIcon;
				DEVELOPMENT_TEAM = 43ZCY2F733;
				INFOPLIST_FILE = RedditViewer/Info.plist;
				LD_RUNPATH_SEARCH_PATHS = "$(inherited) @executable_path/Frameworks";
				PRODUCT_BUNDLE_IDENTIFIER = AndriusKelly.RedditViewer;
				PRODUCT_NAME = "$(TARGET_NAME)";
				SWIFT_VERSION = 3.0;
			};
			name = Release;
		};
/* End XCBuildConfiguration section */

/* Begin XCConfigurationList section */
		09A844A820B77EA3008371CC /* Build configuration list for PBXProject "RedditViewer" */ = {
			isa = XCConfigurationList;
			buildConfigurations = (
				09A844C020B77EA4008371CC /* Debug */,
				09A844C120B77EA4008371CC /* Release */,
			);
			defaultConfigurationIsVisible = 0;
			defaultConfigurationName = Release;
		};
		09A844C220B77EA4008371CC /* Build configuration list for PBXNativeTarget "RedditViewer" */ = {
			isa = XCConfigurationList;
			buildConfigurations = (
				09A844C320B77EA4008371CC /* Debug */,
				09A844C420B77EA4008371CC /* Release */,
			);
			defaultConfigurationIsVisible = 0;
			defaultConfigurationName = Release;
		};
/* End XCConfigurationList section */

/* Begin XCVersionGroup section */
		09A844B720B77EA4008371CC /* RedditViewer.xcdatamodeld */ = {
			isa = XCVersionGroup;
			children = (
				09A844B820B77EA4008371CC /* RedditViewer.xcdatamodel */,
			);
			currentVersion = 09A844B820B77EA4008371CC /* RedditViewer.xcdatamodel */;
			path = RedditViewer.xcdatamodeld;
			sourceTree = "<group>";
			versionGroupType = wrapper.xcdatamodel;
		};
/* End XCVersionGroup section */
	};
	rootObject = 09A844A520B77EA3008371CC /* Project object */;
}
